// !$*UTF8*$!
{
	archiveVersion = 1;
	classes = {
	};
	objectVersion = 56;
	objects = {

/* Begin PBXBuildFile section */
		846ABDEC2ABE24270038F963 /* PetWatchApp.swift in Sources */ = {isa = PBXBuildFile; fileRef = 846ABDEB2ABE24270038F963 /* PetWatchApp.swift */; };
		846ABDEE2ABE24270038F963 /* ContentView.swift in Sources */ = {isa = PBXBuildFile; fileRef = 846ABDED2ABE24270038F963 /* ContentView.swift */; };
		846ABDF02ABE24270038F963 /* Item.swift in Sources */ = {isa = PBXBuildFile; fileRef = 846ABDEF2ABE24270038F963 /* Item.swift */; };
		846ABDF22ABE24270038F963 /* Assets.xcassets in Resources */ = {isa = PBXBuildFile; fileRef = 846ABDF12ABE24270038F963 /* Assets.xcassets */; };
		846ABDF52ABE24270038F963 /* Preview Assets.xcassets in Resources */ = {isa = PBXBuildFile; fileRef = 846ABDF42ABE24270038F963 /* Preview Assets.xcassets */; };
		846ABDFF2ABE24270038F963 /* PetWatchTests.swift in Sources */ = {isa = PBXBuildFile; fileRef = 846ABDFE2ABE24270038F963 /* PetWatchTests.swift */; };
		846ABE092ABE24270038F963 /* PetWatchUITests.swift in Sources */ = {isa = PBXBuildFile; fileRef = 846ABE082ABE24270038F963 /* PetWatchUITests.swift */; };
		846ABE0B2ABE24270038F963 /* PetWatchUITestsLaunchTests.swift in Sources */ = {isa = PBXBuildFile; fileRef = 846ABE0A2ABE24270038F963 /* PetWatchUITestsLaunchTests.swift */; };
/* End PBXBuildFile section */

/* Begin PBXContainerItemProxy section */
		846ABDFB2ABE24270038F963 /* PBXContainerItemProxy */ = {
			isa = PBXContainerItemProxy;
			containerPortal = 846ABDE02ABE24260038F963 /* Project object */;
			proxyType = 1;
			remoteGlobalIDString = 846ABDE72ABE24270038F963;
			remoteInfo = PetWatch;
		};
		846ABE052ABE24270038F963 /* PBXContainerItemProxy */ = {
			isa = PBXContainerItemProxy;
			containerPortal = 846ABDE02ABE24260038F963 /* Project object */;
			proxyType = 1;
			remoteGlobalIDString = 846ABDE72ABE24270038F963;
			remoteInfo = PetWatch;
		};
/* End PBXContainerItemProxy section */

/* Begin PBXFileReference section */
		846ABDE82ABE24270038F963 /* PetWatch.app */ = {isa = PBXFileReference; explicitFileType = wrapper.application; includeInIndex = 0; path = PetWatch.app; sourceTree = BUILT_PRODUCTS_DIR; };
		846ABDEB2ABE24270038F963 /* PetWatchApp.swift */ = {isa = PBXFileReference; lastKnownFileType = sourcecode.swift; path = PetWatchApp.swift; sourceTree = "<group>"; };
		846ABDED2ABE24270038F963 /* ContentView.swift */ = {isa = PBXFileReference; lastKnownFileType = sourcecode.swift; path = ContentView.swift; sourceTree = "<group>"; };
		846ABDEF2ABE24270038F963 /* Item.swift */ = {isa = PBXFileReference; lastKnownFileType = sourcecode.swift; path = Item.swift; sourceTree = "<group>"; };
		846ABDF12ABE24270038F963 /* Assets.xcassets */ = {isa = PBXFileReference; lastKnownFileType = folder.assetcatalog; path = Assets.xcassets; sourceTree = "<group>"; };
		846ABDF42ABE24270038F963 /* Preview Assets.xcassets */ = {isa = PBXFileReference; lastKnownFileType = folder.assetcatalog; path = "Preview Assets.xcassets"; sourceTree = "<group>"; };
		846ABDFA2ABE24270038F963 /* PetWatchTests.xctest */ = {isa = PBXFileReference; explicitFileType = wrapper.cfbundle; includeInIndex = 0; path = PetWatchTests.xctest; sourceTree = BUILT_PRODUCTS_DIR; };
		846ABDFE2ABE24270038F963 /* PetWatchTests.swift */ = {isa = PBXFileReference; lastKnownFileType = sourcecode.swift; path = PetWatchTests.swift; sourceTree = "<group>"; };
		846ABE042ABE24270038F963 /* PetWatchUITests.xctest */ = {isa = PBXFileReference; explicitFileType = wrapper.cfbundle; includeInIndex = 0; path = PetWatchUITests.xctest; sourceTree = BUILT_PRODUCTS_DIR; };
		846ABE082ABE24270038F963 /* PetWatchUITests.swift */ = {isa = PBXFileReference; lastKnownFileType = sourcecode.swift; path = PetWatchUITests.swift; sourceTree = "<group>"; };
		846ABE0A2ABE24270038F963 /* PetWatchUITestsLaunchTests.swift */ = {isa = PBXFileReference; lastKnownFileType = sourcecode.swift; path = PetWatchUITestsLaunchTests.swift; sourceTree = "<group>"; };
/* End PBXFileReference section */

/* Begin PBXFrameworksBuildPhase section */
		846ABDE52ABE24270038F963 /* Frameworks */ = {
			isa = PBXFrameworksBuildPhase;
			buildActionMask = 2147483647;
			files = (
			);
			runOnlyForDeploymentPostprocessing = 0;
		};
		846ABDF72ABE24270038F963 /* Frameworks */ = {
			isa = PBXFrameworksBuildPhase;
			buildActionMask = 2147483647;
			files = (
			);
			runOnlyForDeploymentPostprocessing = 0;
		};
		846ABE012ABE24270038F963 /* Frameworks */ = {
			isa = PBXFrameworksBuildPhase;
			buildActionMask = 2147483647;
			files = (
			);
			runOnlyForDeploymentPostprocessing = 0;
		};
/* End PBXFrameworksBuildPhase section */

/* Begin PBXGroup section */
		846ABDDF2ABE24260038F963 = {
			isa = PBXGroup;
			children = (
				846ABDEA2ABE24270038F963 /* PetWatch */,
				846ABDFD2ABE24270038F963 /* PetWatchTests */,
				846ABE072ABE24270038F963 /* PetWatchUITests */,
				846ABDE92ABE24270038F963 /* Products */,
			);
			sourceTree = "<group>";
		};
		846ABDE92ABE24270038F963 /* Products */ = {
			isa = PBXGroup;
			children = (
				846ABDE82ABE24270038F963 /* PetWatch.app */,
				846ABDFA2ABE24270038F963 /* PetWatchTests.xctest */,
				846ABE042ABE24270038F963 /* PetWatchUITests.xctest */,
			);
			name = Products;
			sourceTree = "<group>";
		};
		846ABDEA2ABE24270038F963 /* PetWatch */ = {
			isa = PBXGroup;
			children = (
				846ABDEB2ABE24270038F963 /* PetWatchApp.swift */,
				846ABDED2ABE24270038F963 /* ContentView.swift */,
				846ABDEF2ABE24270038F963 /* Item.swift */,
				846ABDF12ABE24270038F963 /* Assets.xcassets */,
				846ABDF32ABE24270038F963 /* Preview Content */,
			);
			path = PetWatch;
			sourceTree = "<group>";
		};
		846ABDF32ABE24270038F963 /* Preview Content */ = {
			isa = PBXGroup;
			children = (
				846ABDF42ABE24270038F963 /* Preview Assets.xcassets */,
			);
			path = "Preview Content";
			sourceTree = "<group>";
		};
		846ABDFD2ABE24270038F963 /* PetWatchTests */ = {
			isa = PBXGroup;
			children = (
				846ABDFE2ABE24270038F963 /* PetWatchTests.swift */,
			);
			path = PetWatchTests;
			sourceTree = "<group>";
		};
		846ABE072ABE24270038F963 /* PetWatchUITests */ = {
			isa = PBXGroup;
			children = (
				846ABE082ABE24270038F963 /* PetWatchUITests.swift */,
				846ABE0A2ABE24270038F963 /* PetWatchUITestsLaunchTests.swift */,
			);
			path = PetWatchUITests;
			sourceTree = "<group>";
		};
/* End PBXGroup section */

/* Begin PBXNativeTarget section */
		846ABDE72ABE24270038F963 /* PetWatch */ = {
			isa = PBXNativeTarget;
			buildConfigurationList = 846ABE0E2ABE24270038F963 /* Build configuration list for PBXNativeTarget "PetWatch" */;
			buildPhases = (
				846ABDE42ABE24270038F963 /* Sources */,
				846ABDE52ABE24270038F963 /* Frameworks */,
				846ABDE62ABE24270038F963 /* Resources */,
			);
			buildRules = (
			);
			dependencies = (
			);
			name = PetWatch;
			productName = PetWatch;
			productReference = 846ABDE82ABE24270038F963 /* PetWatch.app */;
			productType = "com.apple.product-type.application";
		};
		846ABDF92ABE24270038F963 /* PetWatchTests */ = {
			isa = PBXNativeTarget;
			buildConfigurationList = 846ABE112ABE24270038F963 /* Build configuration list for PBXNativeTarget "PetWatchTests" */;
			buildPhases = (
				846ABDF62ABE24270038F963 /* Sources */,
				846ABDF72ABE24270038F963 /* Frameworks */,
				846ABDF82ABE24270038F963 /* Resources */,
			);
			buildRules = (
			);
			dependencies = (
				846ABDFC2ABE24270038F963 /* PBXTargetDependency */,
			);
			name = PetWatchTests;
			productName = PetWatchTests;
			productReference = 846ABDFA2ABE24270038F963 /* PetWatchTests.xctest */;
			productType = "com.apple.product-type.bundle.unit-test";
		};
		846ABE032ABE24270038F963 /* PetWatchUITests */ = {
			isa = PBXNativeTarget;
			buildConfigurationList = 846ABE142ABE24270038F963 /* Build configuration list for PBXNativeTarget "PetWatchUITests" */;
			buildPhases = (
				846ABE002ABE24270038F963 /* Sources */,
				846ABE012ABE24270038F963 /* Frameworks */,
				846ABE022ABE24270038F963 /* Resources */,
			);
			buildRules = (
			);
			dependencies = (
				846ABE062ABE24270038F963 /* PBXTargetDependency */,
			);
			name = PetWatchUITests;
			productName = PetWatchUITests;
			productReference = 846ABE042ABE24270038F963 /* PetWatchUITests.xctest */;
			productType = "com.apple.product-type.bundle.ui-testing";
		};
/* End PBXNativeTarget section */

/* Begin PBXProject section */
		846ABDE02ABE24260038F963 /* Project object */ = {
			isa = PBXProject;
			attributes = {
				BuildIndependentTargetsInParallel = 1;
				LastSwiftUpdateCheck = 1500;
				LastUpgradeCheck = 1500;
				TargetAttributes = {
					846ABDE72ABE24270038F963 = {
						CreatedOnToolsVersion = 15.0;
					};
					846ABDF92ABE24270038F963 = {
						CreatedOnToolsVersion = 15.0;
						TestTargetID = 846ABDE72ABE24270038F963;
					};
					846ABE032ABE24270038F963 = {
						CreatedOnToolsVersion = 15.0;
						TestTargetID = 846ABDE72ABE24270038F963;
					};
				};
			};
			buildConfigurationList = 846ABDE32ABE24260038F963 /* Build configuration list for PBXProject "PetWatch" */;
			compatibilityVersion = "Xcode 14.0";
			developmentRegion = en;
			hasScannedForEncodings = 0;
			knownRegions = (
				en,
				Base,
			);
			mainGroup = 846ABDDF2ABE24260038F963;
			productRefGroup = 846ABDE92ABE24270038F963 /* Products */;
			projectDirPath = "";
			projectRoot = "";
			targets = (
				846ABDE72ABE24270038F963 /* PetWatch */,
				846ABDF92ABE24270038F963 /* PetWatchTests */,
				846ABE032ABE24270038F963 /* PetWatchUITests */,
			);
		};
/* End PBXProject section */

/* Begin PBXResourcesBuildPhase section */
		846ABDE62ABE24270038F963 /* Resources */ = {
			isa = PBXResourcesBuildPhase;
			buildActionMask = 2147483647;
			files = (
				846ABDF52ABE24270038F963 /* Preview Assets.xcassets in Resources */,
				846ABDF22ABE24270038F963 /* Assets.xcassets in Resources */,
			);
			runOnlyForDeploymentPostprocessing = 0;
		};
		846ABDF82ABE24270038F963 /* Resources */ = {
			isa = PBXResourcesBuildPhase;
			buildActionMask = 2147483647;
			files = (
			);
			runOnlyForDeploymentPostprocessing = 0;
		};
		846ABE022ABE24270038F963 /* Resources */ = {
			isa = PBXResourcesBuildPhase;
			buildActionMask = 2147483647;
			files = (
			);
			runOnlyForDeploymentPostprocessing = 0;
		};
/* End PBXResourcesBuildPhase section */

/* Begin PBXSourcesBuildPhase section */
		846ABDE42ABE24270038F963 /* Sources */ = {
			isa = PBXSourcesBuildPhase;
			buildActionMask = 2147483647;
			files = (
				846ABDEE2ABE24270038F963 /* ContentView.swift in Sources */,
				846ABDF02ABE24270038F963 /* Item.swift in Sources */,
				846ABDEC2ABE24270038F963 /* PetWatchApp.swift in Sources */,
			);
			runOnlyForDeploymentPostprocessing = 0;
		};
		846ABDF62ABE24270038F963 /* Sources */ = {
			isa = PBXSourcesBuildPhase;
			buildActionMask = 2147483647;
			files = (
				846ABDFF2ABE24270038F963 /* PetWatchTests.swift in Sources */,
			);
			runOnlyForDeploymentPostprocessing = 0;
		};
		846ABE002ABE24270038F963 /* Sources */ = {
			isa = PBXSourcesBuildPhase;
			buildActionMask = 2147483647;
			files = (
				846ABE0B2ABE24270038F963 /* PetWatchUITestsLaunchTests.swift in Sources */,
				846ABE092ABE24270038F963 /* PetWatchUITests.swift in Sources */,
			);
			runOnlyForDeploymentPostprocessing = 0;
		};
/* End PBXSourcesBuildPhase section */

/* Begin PBXTargetDependency section */
		846ABDFC2ABE24270038F963 /* PBXTargetDependency */ = {
			isa = PBXTargetDependency;
			target = 846ABDE72ABE24270038F963 /* PetWatch */;
			targetProxy = 846ABDFB2ABE24270038F963 /* PBXContainerItemProxy */;
		};
		846ABE062ABE24270038F963 /* PBXTargetDependency */ = {
			isa = PBXTargetDependency;
			target = 846ABDE72ABE24270038F963 /* PetWatch */;
			targetProxy = 846ABE052ABE24270038F963 /* PBXContainerItemProxy */;
		};
/* End PBXTargetDependency section */

/* Begin XCBuildConfiguration section */
		846ABE0C2ABE24270038F963 /* Debug */ = {
			isa = XCBuildConfiguration;
			buildSettings = {
				ALWAYS_SEARCH_USER_PATHS = NO;
				ASSETCATALOG_COMPILER_GENERATE_SWIFT_ASSET_SYMBOL_EXTENSIONS = YES;
				CLANG_ANALYZER_NONNULL = YES;
				CLANG_ANALYZER_NUMBER_OBJECT_CONVERSION = YES_AGGRESSIVE;
				CLANG_CXX_LANGUAGE_STANDARD = "gnu++20";
				CLANG_ENABLE_MODULES = YES;
				CLANG_ENABLE_OBJC_ARC = YES;
				CLANG_ENABLE_OBJC_WEAK = YES;
				CLANG_WARN_BLOCK_CAPTURE_AUTORELEASING = YES;
				CLANG_WARN_BOOL_CONVERSION = YES;
				CLANG_WARN_COMMA = YES;
				CLANG_WARN_CONSTANT_CONVERSION = YES;
				CLANG_WARN_DEPRECATED_OBJC_IMPLEMENTATIONS = YES;
				CLANG_WARN_DIRECT_OBJC_ISA_USAGE = YES_ERROR;
				CLANG_WARN_DOCUMENTATION_COMMENTS = YES;
				CLANG_WARN_EMPTY_BODY = YES;
				CLANG_WARN_ENUM_CONVERSION = YES;
				CLANG_WARN_INFINITE_RECURSION = YES;
				CLANG_WARN_INT_CONVERSION = YES;
				CLANG_WARN_NON_LITERAL_NULL_CONVERSION = YES;
				CLANG_WARN_OBJC_IMPLICIT_RETAIN_SELF = YES;
				CLANG_WARN_OBJC_LITERAL_CONVERSION = YES;
				CLANG_WARN_OBJC_ROOT_CLASS = YES_ERROR;
				CLANG_WARN_QUOTED_INCLUDE_IN_FRAMEWORK_HEADER = YES;
				CLANG_WARN_RANGE_LOOP_ANALYSIS = YES;
				CLANG_WARN_STRICT_PROTOTYPES = YES;
				CLANG_WARN_SUSPICIOUS_MOVE = YES;
				CLANG_WARN_UNGUARDED_AVAILABILITY = YES_AGGRESSIVE;
				CLANG_WARN_UNREACHABLE_CODE = YES;
				CLANG_WARN__DUPLICATE_METHOD_MATCH = YES;
				COPY_PHASE_STRIP = NO;
				DEBUG_INFORMATION_FORMAT = dwarf;
				ENABLE_STRICT_OBJC_MSGSEND = YES;
				ENABLE_TESTABILITY = YES;
				ENABLE_USER_SCRIPT_SANDBOXING = YES;
				GCC_C_LANGUAGE_STANDARD = gnu17;
				GCC_DYNAMIC_NO_PIC = NO;
				GCC_NO_COMMON_BLOCKS = YES;
				GCC_OPTIMIZATION_LEVEL = 0;
				GCC_PREPROCESSOR_DEFINITIONS = (
					"DEBUG=1",
					"$(inherited)",
				);
				GCC_WARN_64_TO_32_BIT_CONVERSION = YES;
				GCC_WARN_ABOUT_RETURN_TYPE = YES_ERROR;
				GCC_WARN_UNDECLARED_SELECTOR = YES;
				GCC_WARN_UNINITIALIZED_AUTOS = YES_AGGRESSIVE;
				GCC_WARN_UNUSED_FUNCTION = YES;
				GCC_WARN_UNUSED_VARIABLE = YES;
				IPHONEOS_DEPLOYMENT_TARGET = 17.0;
				LOCALIZATION_PREFERS_STRING_CATALOGS = YES;
				MTL_ENABLE_DEBUG_INFO = INCLUDE_SOURCE;
				MTL_FAST_MATH = YES;
				ONLY_ACTIVE_ARCH = YES;
				SDKROOT = iphoneos;
				SWIFT_ACTIVE_COMPILATION_CONDITIONS = "DEBUG $(inherited)";
				SWIFT_OPTIMIZATION_LEVEL = "-Onone";
			};
			name = Debug;
		};
		846ABE0D2ABE24270038F963 /* Release */ = {
			isa = XCBuildConfiguration;
			buildSettings = {
				ALWAYS_SEARCH_USER_PATHS = NO;
				ASSETCATALOG_COMPILER_GENERATE_SWIFT_ASSET_SYMBOL_EXTENSIONS = YES;
				CLANG_ANALYZER_NONNULL = YES;
				CLANG_ANALYZER_NUMBER_OBJECT_CONVERSION = YES_AGGRESSIVE;
				CLANG_CXX_LANGUAGE_STANDARD = "gnu++20";
				CLANG_ENABLE_MODULES = YES;
				CLANG_ENABLE_OBJC_ARC = YES;
				CLANG_ENABLE_OBJC_WEAK = YES;
				CLANG_WARN_BLOCK_CAPTURE_AUTORELEASING = YES;
				CLANG_WARN_BOOL_CONVERSION = YES;
				CLANG_WARN_COMMA = YES;
				CLANG_WARN_CONSTANT_CONVERSION = YES;
				CLANG_WARN_DEPRECATED_OBJC_IMPLEMENTATIONS = YES;
				CLANG_WARN_DIRECT_OBJC_ISA_USAGE = YES_ERROR;
				CLANG_WARN_DOCUMENTATION_COMMENTS = YES;
				CLANG_WARN_EMPTY_BODY = YES;
				CLANG_WARN_ENUM_CONVERSION = YES;
				CLANG_WARN_INFINITE_RECURSION = YES;
				CLANG_WARN_INT_CONVERSION = YES;
				CLANG_WARN_NON_LITERAL_NULL_CONVERSION = YES;
				CLANG_WARN_OBJC_IMPLICIT_RETAIN_SELF = YES;
				CLANG_WARN_OBJC_LITERAL_CONVERSION = YES;
				CLANG_WARN_OBJC_ROOT_CLASS = YES_ERROR;
				CLANG_WARN_QUOTED_INCLUDE_IN_FRAMEWORK_HEADER = YES;
				CLANG_WARN_RANGE_LOOP_ANALYSIS = YES;
				CLANG_WARN_STRICT_PROTOTYPES = YES;
				CLANG_WARN_SUSPICIOUS_MOVE = YES;
				CLANG_WARN_UNGUARDED_AVAILABILITY = YES_AGGRESSIVE;
				CLANG_WARN_UNREACHABLE_CODE = YES;
				CLANG_WARN__DUPLICATE_METHOD_MATCH = YES;
				COPY_PHASE_STRIP = NO;
				DEBUG_INFORMATION_FORMAT = "dwarf-with-dsym";
				ENABLE_NS_ASSERTIONS = NO;
				ENABLE_STRICT_OBJC_MSGSEND = YES;
				ENABLE_USER_SCRIPT_SANDBOXING = YES;
				GCC_C_LANGUAGE_STANDARD = gnu17;
				GCC_NO_COMMON_BLOCKS = YES;
				GCC_WARN_64_TO_32_BIT_CONVERSION = YES;
				GCC_WARN_ABOUT_RETURN_TYPE = YES_ERROR;
				GCC_WARN_UNDECLARED_SELECTOR = YES;
				GCC_WARN_UNINITIALIZED_AUTOS = YES_AGGRESSIVE;
				GCC_WARN_UNUSED_FUNCTION = YES;
				GCC_WARN_UNUSED_VARIABLE = YES;
				IPHONEOS_DEPLOYMENT_TARGET = 17.0;
				LOCALIZATION_PREFERS_STRING_CATALOGS = YES;
				MTL_ENABLE_DEBUG_INFO = NO;
				MTL_FAST_MATH = YES;
				SDKROOT = iphoneos;
				SWIFT_COMPILATION_MODE = wholemodule;
				VALIDATE_PRODUCT = YES;
			};
			name = Release;
		};
		846ABE0F2ABE24270038F963 /* Debug */ = {
			isa = XCBuildConfiguration;
			buildSettings = {
				ASSETCATALOG_COMPILER_APPICON_NAME = AppIcon;
				ASSETCATALOG_COMPILER_GLOBAL_ACCENT_COLOR_NAME = AccentColor;
				CODE_SIGN_STYLE = Automatic;
				CURRENT_PROJECT_VERSION = 1;
				DEVELOPMENT_ASSET_PATHS = "\"PetWatch/Preview Content\"";
				DEVELOPMENT_TEAM = 2AAR9JFLKQ;
				ENABLE_PREVIEWS = YES;
				GENERATE_INFOPLIST_FILE = YES;
				INFOPLIST_KEY_UIApplicationSceneManifest_Generation = YES;
				INFOPLIST_KEY_UIApplicationSupportsIndirectInputEvents = YES;
				INFOPLIST_KEY_UILaunchScreen_Generation = YES;
				INFOPLIST_KEY_UISupportedInterfaceOrientations_iPad = "UIInterfaceOrientationPortrait UIInterfaceOrientationPortraitUpsideDown UIInterfaceOrientationLandscapeLeft UIInterfaceOrientationLandscapeRight";
				INFOPLIST_KEY_UISupportedInterfaceOrientations_iPhone = "UIInterfaceOrientationPortrait UIInterfaceOrientationLandscapeLeft UIInterfaceOrientationLandscapeRight";
				LD_RUNPATH_SEARCH_PATHS = (
					"$(inherited)",
					"@executable_path/Frameworks",
				);
				MARKETING_VERSION = 1.0;
				PRODUCT_BUNDLE_IDENTIFIER = me.mycompany.PetWatch;
				PRODUCT_NAME = "$(TARGET_NAME)";
				SWIFT_EMIT_LOC_STRINGS = YES;
				SWIFT_VERSION = 5.0;
				TARGETED_DEVICE_FAMILY = "1,2";
			};
			name = Debug;
		};
		846ABE102ABE24270038F963 /* Release */ = {
			isa = XCBuildConfiguration;
			buildSettings = {
				ASSETCATALOG_COMPILER_APPICON_NAME = AppIcon;
				ASSETCATALOG_COMPILER_GLOBAL_ACCENT_COLOR_NAME = AccentColor;
				CODE_SIGN_STYLE = Automatic;
				CURRENT_PROJECT_VERSION = 1;
				DEVELOPMENT_ASSET_PATHS = "\"PetWatch/Preview Content\"";
				DEVELOPMENT_TEAM = 2AAR9JFLKQ;
				ENABLE_PREVIEWS = YES;
				GENERATE_INFOPLIST_FILE = YES;
				INFOPLIST_KEY_UIApplicationSceneManifest_Generation = YES;
				INFOPLIST_KEY_UIApplicationSupportsIndirectInputEvents = YES;
				INFOPLIST_KEY_UILaunchScreen_Generation = YES;
				INFOPLIST_KEY_UISupportedInterfaceOrientations_iPad = "UIInterfaceOrientationPortrait UIInterfaceOrientationPortraitUpsideDown UIInterfaceOrientationLandscapeLeft UIInterfaceOrientationLandscapeRight";
				INFOPLIST_KEY_UISupportedInterfaceOrientations_iPhone = "UIInterfaceOrientationPortrait UIInterfaceOrientationLandscapeLeft UIInterfaceOrientationLandscapeRight";
				LD_RUNPATH_SEARCH_PATHS = (
					"$(inherited)",
					"@executable_path/Frameworks",
				);
				MARKETING_VERSION = 1.0;
				PRODUCT_BUNDLE_IDENTIFIER = me.mycompany.PetWatch;
				PRODUCT_NAME = "$(TARGET_NAME)";
				SWIFT_EMIT_LOC_STRINGS = YES;
				SWIFT_VERSION = 5.0;
				TARGETED_DEVICE_FAMILY = "1,2";
			};
			name = Release;
		};
		846ABE122ABE24270038F963 /* Debug */ = {
			isa = XCBuildConfiguration;
			buildSettings = {
				ALWAYS_EMBED_SWIFT_STANDARD_LIBRARIES = YES;
				BUNDLE_LOADER = "$(TEST_HOST)";
				CODE_SIGN_STYLE = Automatic;
				CURRENT_PROJECT_VERSION = 1;
				DEVELOPMENT_TEAM = 2AAR9JFLKQ;
				GENERATE_INFOPLIST_FILE = YES;
				IPHONEOS_DEPLOYMENT_TARGET = 17.0;
				MARKETING_VERSION = 1.0;
				PRODUCT_BUNDLE_IDENTIFIER = me.mycompany.PetWatchTests;
				PRODUCT_NAME = "$(TARGET_NAME)";
				SWIFT_EMIT_LOC_STRINGS = NO;
				SWIFT_VERSION = 5.0;
				TARGETED_DEVICE_FAMILY = "1,2";
				TEST_HOST = "$(BUILT_PRODUCTS_DIR)/PetWatch.app/$(BUNDLE_EXECUTABLE_FOLDER_PATH)/PetWatch";
			};
			name = Debug;
		};
		846ABE132ABE24270038F963 /* Release */ = {
			isa = XCBuildConfiguration;
			buildSettings = {
				ALWAYS_EMBED_SWIFT_STANDARD_LIBRARIES = YES;
				BUNDLE_LOADER = "$(TEST_HOST)";
				CODE_SIGN_STYLE = Automatic;
				CURRENT_PROJECT_VERSION = 1;
				DEVELOPMENT_TEAM = 2AAR9JFLKQ;
				GENERATE_INFOPLIST_FILE = YES;
				IPHONEOS_DEPLOYMENT_TARGET = 17.0;
				MARKETING_VERSION = 1.0;
				PRODUCT_BUNDLE_IDENTIFIER = me.mycompany.PetWatchTests;
				PRODUCT_NAME = "$(TARGET_NAME)";
				SWIFT_EMIT_LOC_STRINGS = NO;
				SWIFT_VERSION = 5.0;
				TARGETED_DEVICE_FAMILY = "1,2";
				TEST_HOST = "$(BUILT_PRODUCTS_DIR)/PetWatch.app/$(BUNDLE_EXECUTABLE_FOLDER_PATH)/PetWatch";
			};
			name = Release;
		};
		846ABE152ABE24270038F963 /* Debug */ = {
			isa = XCBuildConfiguration;
			buildSettings = {
				ALWAYS_EMBED_SWIFT_STANDARD_LIBRARIES = YES;
				CODE_SIGN_STYLE = Automatic;
				CURRENT_PROJECT_VERSION = 1;
				DEVELOPMENT_TEAM = 2AAR9JFLKQ;
				GENERATE_INFOPLIST_FILE = YES;
				MARKETING_VERSION = 1.0;
				PRODUCT_BUNDLE_IDENTIFIER = me.mycompany.PetWatchUITests;
				PRODUCT_NAME = "$(TARGET_NAME)";
				SWIFT_EMIT_LOC_STRINGS = NO;
				SWIFT_VERSION = 5.0;
				TARGETED_DEVICE_FAMILY = "1,2";
				TEST_TARGET_NAME = PetWatch;
			};
			name = Debug;
		};
		846ABE162ABE24270038F963 /* Release */ = {
			isa = XCBuildConfiguration;
			buildSettings = {
				ALWAYS_EMBED_SWIFT_STANDARD_LIBRARIES = YES;
				CODE_SIGN_STYLE = Automatic;
				CURRENT_PROJECT_VERSION = 1;
				DEVELOPMENT_TEAM = 2AAR9JFLKQ;
				GENERATE_INFOPLIST_FILE = YES;
				MARKETING_VERSION = 1.0;
				PRODUCT_BUNDLE_IDENTIFIER = me.mycompany.PetWatchUITests;
				PRODUCT_NAME = "$(TARGET_NAME)";
				SWIFT_EMIT_LOC_STRINGS = NO;
				SWIFT_VERSION = 5.0;
				TARGETED_DEVICE_FAMILY = "1,2";
				TEST_TARGET_NAME = PetWatch;
			};
			name = Release;
		};
/* End XCBuildConfiguration section */

/* Begin XCConfigurationList section */
		846ABDE32ABE24260038F963 /* Build configuration list for PBXProject "PetWatch" */ = {
			isa = XCConfigurationList;
			buildConfigurations = (
				846ABE0C2ABE24270038F963 /* Debug */,
				846ABE0D2ABE24270038F963 /* Release */,
			);
			defaultConfigurationIsVisible = 0;
			defaultConfigurationName = Release;
		};
		846ABE0E2ABE24270038F963 /* Build configuration list for PBXNativeTarget "PetWatch" */ = {
			isa = XCConfigurationList;
			buildConfigurations = (
				846ABE0F2ABE24270038F963 /* Debug */,
				846ABE102ABE24270038F963 /* Release */,
			);
			defaultConfigurationIsVisible = 0;
			defaultConfigurationName = Release;
		};
		846ABE112ABE24270038F963 /* Build configuration list for PBXNativeTarget "PetWatchTests" */ = {
			isa = XCConfigurationList;
			buildConfigurations = (
				846ABE122ABE24270038F963 /* Debug */,
				846ABE132ABE24270038F963 /* Release */,
			);
			defaultConfigurationIsVisible = 0;
			defaultConfigurationName = Release;
		};
		846ABE142ABE24270038F963 /* Build configuration list for PBXNativeTarget "PetWatchUITests" */ = {
			isa = XCConfigurationList;
			buildConfigurations = (
				846ABE152ABE24270038F963 /* Debug */,
				846ABE162ABE24270038F963 /* Release */,
			);
			defaultConfigurationIsVisible = 0;
			defaultConfigurationName = Release;
		};
/* End XCConfigurationList section */
	};
	rootObject = 846ABDE02ABE24260038F963 /* Project object */;
}
