// !$*UTF8*$!
{
	archiveVersion = 1;
	classes = {
	};
	objectVersion = 56;
	objects = {

/* Begin PBXBuildFile section */
		458173722C137D9200D1A241 /* PreviewSamplePet.swift in Sources */ = {isa = PBXBuildFile; fileRef = 458173712C137D9200D1A241 /* PreviewSamplePet.swift */; };
		458173742C137F0400D1A241 /* SamplePet.swift in Sources */ = {isa = PBXBuildFile; fileRef = 458173732C137F0400D1A241 /* SamplePet.swift */; };
		458173772C13831100D1A241 /* ImageModel.swift in Sources */ = {isa = PBXBuildFile; fileRef = 458173762C13831100D1A241 /* ImageModel.swift */; };
		84CE6C732B8BDC5100673CE0 /* PetWatchApp.swift in Sources */ = {isa = PBXBuildFile; fileRef = 84CE6C722B8BDC5100673CE0 /* PetWatchApp.swift */; };
		84CE6C752B8BDC5100673CE0 /* ContentView.swift in Sources */ = {isa = PBXBuildFile; fileRef = 84CE6C742B8BDC5100673CE0 /* ContentView.swift */; };
		84CE6C772B8BDC5100673CE0 /* Item.swift in Sources */ = {isa = PBXBuildFile; fileRef = 84CE6C762B8BDC5100673CE0 /* Item.swift */; };
		84CE6C792B8BDC5300673CE0 /* Assets.xcassets in Resources */ = {isa = PBXBuildFile; fileRef = 84CE6C782B8BDC5300673CE0 /* Assets.xcassets */; };
		84CE6C7C2B8BDC5300673CE0 /* Preview Assets.xcassets in Resources */ = {isa = PBXBuildFile; fileRef = 84CE6C7B2B8BDC5300673CE0 /* Preview Assets.xcassets */; };
		84CE6C862B8BDC5300673CE0 /* PetWatchTests.swift in Sources */ = {isa = PBXBuildFile; fileRef = 84CE6C852B8BDC5300673CE0 /* PetWatchTests.swift */; };
		84CE6C902B8BDC5300673CE0 /* PetWatchUITests.swift in Sources */ = {isa = PBXBuildFile; fileRef = 84CE6C8F2B8BDC5300673CE0 /* PetWatchUITests.swift */; };
		84CE6C922B8BDC5300673CE0 /* PetWatchUITestsLaunchTests.swift in Sources */ = {isa = PBXBuildFile; fileRef = 84CE6C912B8BDC5300673CE0 /* PetWatchUITestsLaunchTests.swift */; };
		84CE6CA02B8BDDCB00673CE0 /* Pet.swift in Sources */ = {isa = PBXBuildFile; fileRef = 84CE6C9F2B8BDDCB00673CE0 /* Pet.swift */; };
		84CE6CA22B8BDE5D00673CE0 /* PetGroup.swift in Sources */ = {isa = PBXBuildFile; fileRef = 84CE6CA12B8BDE5D00673CE0 /* PetGroup.swift */; };
		84CE6CA42B8D310800673CE0 /* PetEditView.swift in Sources */ = {isa = PBXBuildFile; fileRef = 84CE6CA32B8D310800673CE0 /* PetEditView.swift */; };
		84CE6CA62B8D388500673CE0 /* NewPetView.swift in Sources */ = {isa = PBXBuildFile; fileRef = 84CE6CA52B8D388500673CE0 /* NewPetView.swift */; };
		84CE6CA82B8E993A00673CE0 /* PetImagesView.swift in Sources */ = {isa = PBXBuildFile; fileRef = 84CE6CA72B8E993A00673CE0 /* PetImagesView.swift */; };
/* End PBXBuildFile section */

/* Begin PBXContainerItemProxy section */
		84CE6C822B8BDC5300673CE0 /* PBXContainerItemProxy */ = {
			isa = PBXContainerItemProxy;
			containerPortal = 84CE6C672B8BDC5100673CE0 /* Project object */;
			proxyType = 1;
			remoteGlobalIDString = 84CE6C6E2B8BDC5100673CE0;
			remoteInfo = PetWatch;
		};
		84CE6C8C2B8BDC5300673CE0 /* PBXContainerItemProxy */ = {
			isa = PBXContainerItemProxy;
			containerPortal = 84CE6C672B8BDC5100673CE0 /* Project object */;
			proxyType = 1;
			remoteGlobalIDString = 84CE6C6E2B8BDC5100673CE0;
			remoteInfo = PetWatch;
		};
/* End PBXContainerItemProxy section */

/* Begin PBXFileReference section */
		458173712C137D9200D1A241 /* PreviewSamplePet.swift */ = {isa = PBXFileReference; lastKnownFileType = sourcecode.swift; path = PreviewSamplePet.swift; sourceTree = "<group>"; };
		458173732C137F0400D1A241 /* SamplePet.swift */ = {isa = PBXFileReference; lastKnownFileType = sourcecode.swift; path = SamplePet.swift; sourceTree = "<group>"; };
		458173762C13831100D1A241 /* ImageModel.swift */ = {isa = PBXFileReference; lastKnownFileType = sourcecode.swift; path = ImageModel.swift; sourceTree = "<group>"; };
		84CE6C6F2B8BDC5100673CE0 /* PetWatch.app */ = {isa = PBXFileReference; explicitFileType = wrapper.application; includeInIndex = 0; path = PetWatch.app; sourceTree = BUILT_PRODUCTS_DIR; };
		84CE6C722B8BDC5100673CE0 /* PetWatchApp.swift */ = {isa = PBXFileReference; lastKnownFileType = sourcecode.swift; path = PetWatchApp.swift; sourceTree = "<group>"; };
		84CE6C742B8BDC5100673CE0 /* ContentView.swift */ = {isa = PBXFileReference; lastKnownFileType = sourcecode.swift; path = ContentView.swift; sourceTree = "<group>"; };
		84CE6C762B8BDC5100673CE0 /* Item.swift */ = {isa = PBXFileReference; lastKnownFileType = sourcecode.swift; path = Item.swift; sourceTree = "<group>"; };
		84CE6C782B8BDC5300673CE0 /* Assets.xcassets */ = {isa = PBXFileReference; lastKnownFileType = folder.assetcatalog; path = Assets.xcassets; sourceTree = "<group>"; };
		84CE6C7B2B8BDC5300673CE0 /* Preview Assets.xcassets */ = {isa = PBXFileReference; lastKnownFileType = folder.assetcatalog; path = "Preview Assets.xcassets"; sourceTree = "<group>"; };
		84CE6C812B8BDC5300673CE0 /* PetWatchTests.xctest */ = {isa = PBXFileReference; explicitFileType = wrapper.cfbundle; includeInIndex = 0; path = PetWatchTests.xctest; sourceTree = BUILT_PRODUCTS_DIR; };
		84CE6C852B8BDC5300673CE0 /* PetWatchTests.swift */ = {isa = PBXFileReference; lastKnownFileType = sourcecode.swift; path = PetWatchTests.swift; sourceTree = "<group>"; };
		84CE6C8B2B8BDC5300673CE0 /* PetWatchUITests.xctest */ = {isa = PBXFileReference; explicitFileType = wrapper.cfbundle; includeInIndex = 0; path = PetWatchUITests.xctest; sourceTree = BUILT_PRODUCTS_DIR; };
		84CE6C8F2B8BDC5300673CE0 /* PetWatchUITests.swift */ = {isa = PBXFileReference; lastKnownFileType = sourcecode.swift; path = PetWatchUITests.swift; sourceTree = "<group>"; };
		84CE6C912B8BDC5300673CE0 /* PetWatchUITestsLaunchTests.swift */ = {isa = PBXFileReference; lastKnownFileType = sourcecode.swift; path = PetWatchUITestsLaunchTests.swift; sourceTree = "<group>"; };
		84CE6C9F2B8BDDCB00673CE0 /* Pet.swift */ = {isa = PBXFileReference; lastKnownFileType = sourcecode.swift; path = Pet.swift; sourceTree = "<group>"; };
		84CE6CA12B8BDE5D00673CE0 /* PetGroup.swift */ = {isa = PBXFileReference; lastKnownFileType = sourcecode.swift; path = PetGroup.swift; sourceTree = "<group>"; };
		84CE6CA32B8D310800673CE0 /* PetEditView.swift */ = {isa = PBXFileReference; lastKnownFileType = sourcecode.swift; path = PetEditView.swift; sourceTree = "<group>"; };
		84CE6CA52B8D388500673CE0 /* NewPetView.swift */ = {isa = PBXFileReference; lastKnownFileType = sourcecode.swift; path = NewPetView.swift; sourceTree = "<group>"; };
		84CE6CA72B8E993A00673CE0 /* PetImagesView.swift */ = {isa = PBXFileReference; lastKnownFileType = sourcecode.swift; path = PetImagesView.swift; sourceTree = "<group>"; };
/* End PBXFileReference section */

/* Begin PBXFrameworksBuildPhase section */
		84CE6C6C2B8BDC5100673CE0 /* Frameworks */ = {
			isa = PBXFrameworksBuildPhase;
			buildActionMask = 2147483647;
			files = (
			);
			runOnlyForDeploymentPostprocessing = 0;
		};
		84CE6C7E2B8BDC5300673CE0 /* Frameworks */ = {
			isa = PBXFrameworksBuildPhase;
			buildActionMask = 2147483647;
			files = (
			);
			runOnlyForDeploymentPostprocessing = 0;
		};
		84CE6C882B8BDC5300673CE0 /* Frameworks */ = {
			isa = PBXFrameworksBuildPhase;
			buildActionMask = 2147483647;
			files = (
			);
			runOnlyForDeploymentPostprocessing = 0;
		};
/* End PBXFrameworksBuildPhase section */

/* Begin PBXGroup section */
		458173702C137D6C00D1A241 /* Support */ = {
			isa = PBXGroup;
			children = (
				458173712C137D9200D1A241 /* PreviewSamplePet.swift */,
			);
			path = Support;
			sourceTree = "<group>";
		};
		458173752C1382EE00D1A241 /* Models */ = {
			isa = PBXGroup;
			children = (
				84CE6C9F2B8BDDCB00673CE0 /* Pet.swift */,
				458173732C137F0400D1A241 /* SamplePet.swift */,
				458173762C13831100D1A241 /* ImageModel.swift */,
			);
			path = Models;
			sourceTree = "<group>";
		};
		84CE6C662B8BDC5100673CE0 = {
			isa = PBXGroup;
			children = (
				458173702C137D6C00D1A241 /* Support */,
				84CE6C712B8BDC5100673CE0 /* PetWatch */,
				84CE6C842B8BDC5300673CE0 /* PetWatchTests */,
				84CE6C8E2B8BDC5300673CE0 /* PetWatchUITests */,
				84CE6C702B8BDC5100673CE0 /* Products */,
			);
			sourceTree = "<group>";
		};
		84CE6C702B8BDC5100673CE0 /* Products */ = {
			isa = PBXGroup;
			children = (
				84CE6C6F2B8BDC5100673CE0 /* PetWatch.app */,
				84CE6C812B8BDC5300673CE0 /* PetWatchTests.xctest */,
				84CE6C8B2B8BDC5300673CE0 /* PetWatchUITests.xctest */,
			);
			name = Products;
			sourceTree = "<group>";
		};
		84CE6C712B8BDC5100673CE0 /* PetWatch */ = {
			isa = PBXGroup;
			children = (
				458173752C1382EE00D1A241 /* Models */,
				84CE6C722B8BDC5100673CE0 /* PetWatchApp.swift */,
				84CE6C9E2B8BDDA900673CE0 /* PetFiles */,
				84CE6C742B8BDC5100673CE0 /* ContentView.swift */,
				84CE6C762B8BDC5100673CE0 /* Item.swift */,
				84CE6C782B8BDC5300673CE0 /* Assets.xcassets */,
				84CE6C7A2B8BDC5300673CE0 /* Preview Content */,
			);
			path = PetWatch;
			sourceTree = "<group>";
		};
		84CE6C7A2B8BDC5300673CE0 /* Preview Content */ = {
			isa = PBXGroup;
			children = (
				84CE6C7B2B8BDC5300673CE0 /* Preview Assets.xcassets */,
			);
			path = "Preview Content";
			sourceTree = "<group>";
		};
		84CE6C842B8BDC5300673CE0 /* PetWatchTests */ = {
			isa = PBXGroup;
			children = (
				84CE6C852B8BDC5300673CE0 /* PetWatchTests.swift */,
			);
			path = PetWatchTests;
			sourceTree = "<group>";
		};
		84CE6C8E2B8BDC5300673CE0 /* PetWatchUITests */ = {
			isa = PBXGroup;
			children = (
				84CE6C8F2B8BDC5300673CE0 /* PetWatchUITests.swift */,
				84CE6C912B8BDC5300673CE0 /* PetWatchUITestsLaunchTests.swift */,
			);
			path = PetWatchUITests;
			sourceTree = "<group>";
		};
		84CE6C9E2B8BDDA900673CE0 /* PetFiles */ = {
			isa = PBXGroup;
			children = (
				84CE6CA72B8E993A00673CE0 /* PetImagesView.swift */,
				84CE6CA12B8BDE5D00673CE0 /* PetGroup.swift */,
				84CE6CA32B8D310800673CE0 /* PetEditView.swift */,
				84CE6CA52B8D388500673CE0 /* NewPetView.swift */,
			);
			path = PetFiles;
			sourceTree = "<group>";
		};
/* End PBXGroup section */

/* Begin PBXNativeTarget section */
		84CE6C6E2B8BDC5100673CE0 /* PetWatch */ = {
			isa = PBXNativeTarget;
			buildConfigurationList = 84CE6C952B8BDC5300673CE0 /* Build configuration list for PBXNativeTarget "PetWatch" */;
			buildPhases = (
				84CE6C6B2B8BDC5100673CE0 /* Sources */,
				84CE6C6C2B8BDC5100673CE0 /* Frameworks */,
				84CE6C6D2B8BDC5100673CE0 /* Resources */,
			);
			buildRules = (
			);
			dependencies = (
			);
			name = PetWatch;
			productName = PetWatch;
			productReference = 84CE6C6F2B8BDC5100673CE0 /* PetWatch.app */;
			productType = "com.apple.product-type.application";
		};
		84CE6C802B8BDC5300673CE0 /* PetWatchTests */ = {
			isa = PBXNativeTarget;
			buildConfigurationList = 84CE6C982B8BDC5300673CE0 /* Build configuration list for PBXNativeTarget "PetWatchTests" */;
			buildPhases = (
				84CE6C7D2B8BDC5300673CE0 /* Sources */,
				84CE6C7E2B8BDC5300673CE0 /* Frameworks */,
				84CE6C7F2B8BDC5300673CE0 /* Resources */,
			);
			buildRules = (
			);
			dependencies = (
				84CE6C832B8BDC5300673CE0 /* PBXTargetDependency */,
			);
			name = PetWatchTests;
			productName = PetWatchTests;
			productReference = 84CE6C812B8BDC5300673CE0 /* PetWatchTests.xctest */;
			productType = "com.apple.product-type.bundle.unit-test";
		};
		84CE6C8A2B8BDC5300673CE0 /* PetWatchUITests */ = {
			isa = PBXNativeTarget;
			buildConfigurationList = 84CE6C9B2B8BDC5300673CE0 /* Build configuration list for PBXNativeTarget "PetWatchUITests" */;
			buildPhases = (
				84CE6C872B8BDC5300673CE0 /* Sources */,
				84CE6C882B8BDC5300673CE0 /* Frameworks */,
				84CE6C892B8BDC5300673CE0 /* Resources */,
			);
			buildRules = (
			);
			dependencies = (
				84CE6C8D2B8BDC5300673CE0 /* PBXTargetDependency */,
			);
			name = PetWatchUITests;
			productName = PetWatchUITests;
			productReference = 84CE6C8B2B8BDC5300673CE0 /* PetWatchUITests.xctest */;
			productType = "com.apple.product-type.bundle.ui-testing";
		};
/* End PBXNativeTarget section */

/* Begin PBXProject section */
		84CE6C672B8BDC5100673CE0 /* Project object */ = {
			isa = PBXProject;
			attributes = {
				BuildIndependentTargetsInParallel = 1;
				LastSwiftUpdateCheck = 1520;
				LastUpgradeCheck = 1520;
				TargetAttributes = {
					84CE6C6E2B8BDC5100673CE0 = {
						CreatedOnToolsVersion = 15.2;
					};
					84CE6C802B8BDC5300673CE0 = {
						CreatedOnToolsVersion = 15.2;
						TestTargetID = 84CE6C6E2B8BDC5100673CE0;
					};
					84CE6C8A2B8BDC5300673CE0 = {
						CreatedOnToolsVersion = 15.2;
						TestTargetID = 84CE6C6E2B8BDC5100673CE0;
					};
				};
			};
			buildConfigurationList = 84CE6C6A2B8BDC5100673CE0 /* Build configuration list for PBXProject "PetWatch" */;
			compatibilityVersion = "Xcode 14.0";
			developmentRegion = en;
			hasScannedForEncodings = 0;
			knownRegions = (
				en,
				Base,
			);
			mainGroup = 84CE6C662B8BDC5100673CE0;
			productRefGroup = 84CE6C702B8BDC5100673CE0 /* Products */;
			projectDirPath = "";
			projectRoot = "";
			targets = (
				84CE6C6E2B8BDC5100673CE0 /* PetWatch */,
				84CE6C802B8BDC5300673CE0 /* PetWatchTests */,
				84CE6C8A2B8BDC5300673CE0 /* PetWatchUITests */,
			);
		};
/* End PBXProject section */

/* Begin PBXResourcesBuildPhase section */
		84CE6C6D2B8BDC5100673CE0 /* Resources */ = {
			isa = PBXResourcesBuildPhase;
			buildActionMask = 2147483647;
			files = (
				84CE6C7C2B8BDC5300673CE0 /* Preview Assets.xcassets in Resources */,
				84CE6C792B8BDC5300673CE0 /* Assets.xcassets in Resources */,
			);
			runOnlyForDeploymentPostprocessing = 0;
		};
		84CE6C7F2B8BDC5300673CE0 /* Resources */ = {
			isa = PBXResourcesBuildPhase;
			buildActionMask = 2147483647;
			files = (
			);
			runOnlyForDeploymentPostprocessing = 0;
		};
		84CE6C892B8BDC5300673CE0 /* Resources */ = {
			isa = PBXResourcesBuildPhase;
			buildActionMask = 2147483647;
			files = (
			);
			runOnlyForDeploymentPostprocessing = 0;
		};
/* End PBXResourcesBuildPhase section */

/* Begin PBXSourcesBuildPhase section */
		84CE6C6B2B8BDC5100673CE0 /* Sources */ = {
			isa = PBXSourcesBuildPhase;
			buildActionMask = 2147483647;
			files = (
				458173772C13831100D1A241 /* ImageModel.swift in Sources */,
				458173722C137D9200D1A241 /* PreviewSamplePet.swift in Sources */,
				458173742C137F0400D1A241 /* SamplePet.swift in Sources */,
				84CE6CA82B8E993A00673CE0 /* PetImagesView.swift in Sources */,
				84CE6C752B8BDC5100673CE0 /* ContentView.swift in Sources */,
				84CE6CA02B8BDDCB00673CE0 /* Pet.swift in Sources */,
				84CE6CA42B8D310800673CE0 /* PetEditView.swift in Sources */,
				84CE6C772B8BDC5100673CE0 /* Item.swift in Sources */,
				84CE6CA62B8D388500673CE0 /* NewPetView.swift in Sources */,
				84CE6C732B8BDC5100673CE0 /* PetWatchApp.swift in Sources */,
				84CE6CA22B8BDE5D00673CE0 /* PetGroup.swift in Sources */,
			);
			runOnlyForDeploymentPostprocessing = 0;
		};
		84CE6C7D2B8BDC5300673CE0 /* Sources */ = {
			isa = PBXSourcesBuildPhase;
			buildActionMask = 2147483647;
			files = (
				84CE6C862B8BDC5300673CE0 /* PetWatchTests.swift in Sources */,
			);
			runOnlyForDeploymentPostprocessing = 0;
		};
		84CE6C872B8BDC5300673CE0 /* Sources */ = {
			isa = PBXSourcesBuildPhase;
			buildActionMask = 2147483647;
			files = (
				84CE6C922B8BDC5300673CE0 /* PetWatchUITestsLaunchTests.swift in Sources */,
				84CE6C902B8BDC5300673CE0 /* PetWatchUITests.swift in Sources */,
			);
			runOnlyForDeploymentPostprocessing = 0;
		};
/* End PBXSourcesBuildPhase section */

/* Begin PBXTargetDependency section */
		84CE6C832B8BDC5300673CE0 /* PBXTargetDependency */ = {
			isa = PBXTargetDependency;
			target = 84CE6C6E2B8BDC5100673CE0 /* PetWatch */;
			targetProxy = 84CE6C822B8BDC5300673CE0 /* PBXContainerItemProxy */;
		};
		84CE6C8D2B8BDC5300673CE0 /* PBXTargetDependency */ = {
			isa = PBXTargetDependency;
			target = 84CE6C6E2B8BDC5100673CE0 /* PetWatch */;
			targetProxy = 84CE6C8C2B8BDC5300673CE0 /* PBXContainerItemProxy */;
		};
/* End PBXTargetDependency section */

/* Begin XCBuildConfiguration section */
		84CE6C932B8BDC5300673CE0 /* Debug */ = {
			isa = XCBuildConfiguration;
			buildSettings = {
				ALWAYS_SEARCH_USER_PATHS = NO;
				ASSETCATALOG_COMPILER_GENERATE_SWIFT_ASSET_SYMBOL_EXTENSIONS = YES;
				CLANG_ANALYZER_NONNULL = YES;
				CLANG_ANALYZER_NUMBER_OBJECT_CONVERSION = YES_AGGRESSIVE;
				CLANG_CXX_LANGUAGE_STANDARD = "gnu++20";
				CLANG_ENABLE_MODULES = YES;
				CLANG_ENABLE_OBJC_ARC = YES;
				CLANG_ENABLE_OBJC_WEAK = YES;
				CLANG_WARN_BLOCK_CAPTURE_AUTORELEASING = YES;
				CLANG_WARN_BOOL_CONVERSION = YES;
				CLANG_WARN_COMMA = YES;
				CLANG_WARN_CONSTANT_CONVERSION = YES;
				CLANG_WARN_DEPRECATED_OBJC_IMPLEMENTATIONS = YES;
				CLANG_WARN_DIRECT_OBJC_ISA_USAGE = YES_ERROR;
				CLANG_WARN_DOCUMENTATION_COMMENTS = YES;
				CLANG_WARN_EMPTY_BODY = YES;
				CLANG_WARN_ENUM_CONVERSION = YES;
				CLANG_WARN_INFINITE_RECURSION = YES;
				CLANG_WARN_INT_CONVERSION = YES;
				CLANG_WARN_NON_LITERAL_NULL_CONVERSION = YES;
				CLANG_WARN_OBJC_IMPLICIT_RETAIN_SELF = YES;
				CLANG_WARN_OBJC_LITERAL_CONVERSION = YES;
				CLANG_WARN_OBJC_ROOT_CLASS = YES_ERROR;
				CLANG_WARN_QUOTED_INCLUDE_IN_FRAMEWORK_HEADER = YES;
				CLANG_WARN_RANGE_LOOP_ANALYSIS = YES;
				CLANG_WARN_STRICT_PROTOTYPES = YES;
				CLANG_WARN_SUSPICIOUS_MOVE = YES;
				CLANG_WARN_UNGUARDED_AVAILABILITY = YES_AGGRESSIVE;
				CLANG_WARN_UNREACHABLE_CODE = YES;
				CLANG_WARN__DUPLICATE_METHOD_MATCH = YES;
				COPY_PHASE_STRIP = NO;
				DEBUG_INFORMATION_FORMAT = dwarf;
				ENABLE_STRICT_OBJC_MSGSEND = YES;
				ENABLE_TESTABILITY = YES;
				ENABLE_USER_SCRIPT_SANDBOXING = YES;
				GCC_C_LANGUAGE_STANDARD = gnu17;
				GCC_DYNAMIC_NO_PIC = NO;
				GCC_NO_COMMON_BLOCKS = YES;
				GCC_OPTIMIZATION_LEVEL = 0;
				GCC_PREPROCESSOR_DEFINITIONS = (
					"DEBUG=1",
					"$(inherited)",
				);
				GCC_WARN_64_TO_32_BIT_CONVERSION = YES;
				GCC_WARN_ABOUT_RETURN_TYPE = YES_ERROR;
				GCC_WARN_UNDECLARED_SELECTOR = YES;
				GCC_WARN_UNINITIALIZED_AUTOS = YES_AGGRESSIVE;
				GCC_WARN_UNUSED_FUNCTION = YES;
				GCC_WARN_UNUSED_VARIABLE = YES;
				IPHONEOS_DEPLOYMENT_TARGET = 17.2;
				LOCALIZATION_PREFERS_STRING_CATALOGS = YES;
				MTL_ENABLE_DEBUG_INFO = INCLUDE_SOURCE;
				MTL_FAST_MATH = YES;
				ONLY_ACTIVE_ARCH = YES;
				SDKROOT = iphoneos;
				SWIFT_ACTIVE_COMPILATION_CONDITIONS = "DEBUG $(inherited)";
				SWIFT_OPTIMIZATION_LEVEL = "-Onone";
			};
			name = Debug;
		};
		84CE6C942B8BDC5300673CE0 /* Release */ = {
			isa = XCBuildConfiguration;
			buildSettings = {
				ALWAYS_SEARCH_USER_PATHS = NO;
				ASSETCATALOG_COMPILER_GENERATE_SWIFT_ASSET_SYMBOL_EXTENSIONS = YES;
				CLANG_ANALYZER_NONNULL = YES;
				CLANG_ANALYZER_NUMBER_OBJECT_CONVERSION = YES_AGGRESSIVE;
				CLANG_CXX_LANGUAGE_STANDARD = "gnu++20";
				CLANG_ENABLE_MODULES = YES;
				CLANG_ENABLE_OBJC_ARC = YES;
				CLANG_ENABLE_OBJC_WEAK = YES;
				CLANG_WARN_BLOCK_CAPTURE_AUTORELEASING = YES;
				CLANG_WARN_BOOL_CONVERSION = YES;
				CLANG_WARN_COMMA = YES;
				CLANG_WARN_CONSTANT_CONVERSION = YES;
				CLANG_WARN_DEPRECATED_OBJC_IMPLEMENTATIONS = YES;
				CLANG_WARN_DIRECT_OBJC_ISA_USAGE = YES_ERROR;
				CLANG_WARN_DOCUMENTATION_COMMENTS = YES;
				CLANG_WARN_EMPTY_BODY = YES;
				CLANG_WARN_ENUM_CONVERSION = YES;
				CLANG_WARN_INFINITE_RECURSION = YES;
				CLANG_WARN_INT_CONVERSION = YES;
				CLANG_WARN_NON_LITERAL_NULL_CONVERSION = YES;
				CLANG_WARN_OBJC_IMPLICIT_RETAIN_SELF = YES;
				CLANG_WARN_OBJC_LITERAL_CONVERSION = YES;
				CLANG_WARN_OBJC_ROOT_CLASS = YES_ERROR;
				CLANG_WARN_QUOTED_INCLUDE_IN_FRAMEWORK_HEADER = YES;
				CLANG_WARN_RANGE_LOOP_ANALYSIS = YES;
				CLANG_WARN_STRICT_PROTOTYPES = YES;
				CLANG_WARN_SUSPICIOUS_MOVE = YES;
				CLANG_WARN_UNGUARDED_AVAILABILITY = YES_AGGRESSIVE;
				CLANG_WARN_UNREACHABLE_CODE = YES;
				CLANG_WARN__DUPLICATE_METHOD_MATCH = YES;
				COPY_PHASE_STRIP = NO;
				DEBUG_INFORMATION_FORMAT = "dwarf-with-dsym";
				ENABLE_NS_ASSERTIONS = NO;
				ENABLE_STRICT_OBJC_MSGSEND = YES;
				ENABLE_USER_SCRIPT_SANDBOXING = YES;
				GCC_C_LANGUAGE_STANDARD = gnu17;
				GCC_NO_COMMON_BLOCKS = YES;
				GCC_WARN_64_TO_32_BIT_CONVERSION = YES;
				GCC_WARN_ABOUT_RETURN_TYPE = YES_ERROR;
				GCC_WARN_UNDECLARED_SELECTOR = YES;
				GCC_WARN_UNINITIALIZED_AUTOS = YES_AGGRESSIVE;
				GCC_WARN_UNUSED_FUNCTION = YES;
				GCC_WARN_UNUSED_VARIABLE = YES;
				IPHONEOS_DEPLOYMENT_TARGET = 17.2;
				LOCALIZATION_PREFERS_STRING_CATALOGS = YES;
				MTL_ENABLE_DEBUG_INFO = NO;
				MTL_FAST_MATH = YES;
				SDKROOT = iphoneos;
				SWIFT_COMPILATION_MODE = wholemodule;
				VALIDATE_PRODUCT = YES;
			};
			name = Release;
		};
		84CE6C962B8BDC5300673CE0 /* Debug */ = {
			isa = XCBuildConfiguration;
			buildSettings = {
				ASSETCATALOG_COMPILER_APPICON_NAME = AppIcon;
				ASSETCATALOG_COMPILER_GLOBAL_ACCENT_COLOR_NAME = AccentColor;
				CODE_SIGN_STYLE = Automatic;
				CURRENT_PROJECT_VERSION = 1;
				DEVELOPMENT_ASSET_PATHS = "\"PetWatch/Preview Content\"";
				DEVELOPMENT_TEAM = 2AAR9JFLKQ;
				ENABLE_PREVIEWS = YES;
				GENERATE_INFOPLIST_FILE = YES;
				INFOPLIST_KEY_UIApplicationSceneManifest_Generation = YES;
				INFOPLIST_KEY_UIApplicationSupportsIndirectInputEvents = YES;
				INFOPLIST_KEY_UILaunchScreen_Generation = YES;
				INFOPLIST_KEY_UISupportedInterfaceOrientations_iPad = "UIInterfaceOrientationPortrait UIInterfaceOrientationPortraitUpsideDown UIInterfaceOrientationLandscapeLeft UIInterfaceOrientationLandscapeRight";
				INFOPLIST_KEY_UISupportedInterfaceOrientations_iPhone = "UIInterfaceOrientationPortrait UIInterfaceOrientationLandscapeLeft UIInterfaceOrientationLandscapeRight";
				LD_RUNPATH_SEARCH_PATHS = (
					"$(inherited)",
					"@executable_path/Frameworks",
				);
				MARKETING_VERSION = 1.0;
				PRODUCT_BUNDLE_IDENTIFIER = me.mycompany.PetWatch;
				PRODUCT_NAME = "$(TARGET_NAME)";
				SWIFT_EMIT_LOC_STRINGS = YES;
				SWIFT_VERSION = 5.0;
				TARGETED_DEVICE_FAMILY = "1,2";
			};
			name = Debug;
		};
		84CE6C972B8BDC5300673CE0 /* Release */ = {
			isa = XCBuildConfiguration;
			buildSettings = {
				ASSETCATALOG_COMPILER_APPICON_NAME = AppIcon;
				ASSETCATALOG_COMPILER_GLOBAL_ACCENT_COLOR_NAME = AccentColor;
				CODE_SIGN_STYLE = Automatic;
				CURRENT_PROJECT_VERSION = 1;
				DEVELOPMENT_ASSET_PATHS = "\"PetWatch/Preview Content\"";
				DEVELOPMENT_TEAM = 2AAR9JFLKQ;
				ENABLE_PREVIEWS = YES;
				GENERATE_INFOPLIST_FILE = YES;
				INFOPLIST_KEY_UIApplicationSceneManifest_Generation = YES;
				INFOPLIST_KEY_UIApplicationSupportsIndirectInputEvents = YES;
				INFOPLIST_KEY_UILaunchScreen_Generation = YES;
				INFOPLIST_KEY_UISupportedInterfaceOrientations_iPad = "UIInterfaceOrientationPortrait UIInterfaceOrientationPortraitUpsideDown UIInterfaceOrientationLandscapeLeft UIInterfaceOrientationLandscapeRight";
				INFOPLIST_KEY_UISupportedInterfaceOrientations_iPhone = "UIInterfaceOrientationPortrait UIInterfaceOrientationLandscapeLeft UIInterfaceOrientationLandscapeRight";
				LD_RUNPATH_SEARCH_PATHS = (
					"$(inherited)",
					"@executable_path/Frameworks",
				);
				MARKETING_VERSION = 1.0;
				PRODUCT_BUNDLE_IDENTIFIER = me.mycompany.PetWatch;
				PRODUCT_NAME = "$(TARGET_NAME)";
				SWIFT_EMIT_LOC_STRINGS = YES;
				SWIFT_VERSION = 5.0;
				TARGETED_DEVICE_FAMILY = "1,2";
			};
			name = Release;
		};
		84CE6C992B8BDC5300673CE0 /* Debug */ = {
			isa = XCBuildConfiguration;
			buildSettings = {
				ALWAYS_EMBED_SWIFT_STANDARD_LIBRARIES = YES;
				BUNDLE_LOADER = "$(TEST_HOST)";
				CODE_SIGN_STYLE = Automatic;
				CURRENT_PROJECT_VERSION = 1;
				DEVELOPMENT_TEAM = 2AAR9JFLKQ;
				GENERATE_INFOPLIST_FILE = YES;
				IPHONEOS_DEPLOYMENT_TARGET = 17.2;
				MARKETING_VERSION = 1.0;
				PRODUCT_BUNDLE_IDENTIFIER = me.mycompany.PetWatchTests;
				PRODUCT_NAME = "$(TARGET_NAME)";
				SWIFT_EMIT_LOC_STRINGS = NO;
				SWIFT_VERSION = 5.0;
				TARGETED_DEVICE_FAMILY = "1,2";
				TEST_HOST = "$(BUILT_PRODUCTS_DIR)/PetWatch.app/$(BUNDLE_EXECUTABLE_FOLDER_PATH)/PetWatch";
			};
			name = Debug;
		};
		84CE6C9A2B8BDC5300673CE0 /* Release */ = {
			isa = XCBuildConfiguration;
			buildSettings = {
				ALWAYS_EMBED_SWIFT_STANDARD_LIBRARIES = YES;
				BUNDLE_LOADER = "$(TEST_HOST)";
				CODE_SIGN_STYLE = Automatic;
				CURRENT_PROJECT_VERSION = 1;
				DEVELOPMENT_TEAM = 2AAR9JFLKQ;
				GENERATE_INFOPLIST_FILE = YES;
				IPHONEOS_DEPLOYMENT_TARGET = 17.2;
				MARKETING_VERSION = 1.0;
				PRODUCT_BUNDLE_IDENTIFIER = me.mycompany.PetWatchTests;
				PRODUCT_NAME = "$(TARGET_NAME)";
				SWIFT_EMIT_LOC_STRINGS = NO;
				SWIFT_VERSION = 5.0;
				TARGETED_DEVICE_FAMILY = "1,2";
				TEST_HOST = "$(BUILT_PRODUCTS_DIR)/PetWatch.app/$(BUNDLE_EXECUTABLE_FOLDER_PATH)/PetWatch";
			};
			name = Release;
		};
		84CE6C9C2B8BDC5300673CE0 /* Debug */ = {
			isa = XCBuildConfiguration;
			buildSettings = {
				ALWAYS_EMBED_SWIFT_STANDARD_LIBRARIES = YES;
				CODE_SIGN_STYLE = Automatic;
				CURRENT_PROJECT_VERSION = 1;
				DEVELOPMENT_TEAM = 2AAR9JFLKQ;
				GENERATE_INFOPLIST_FILE = YES;
				MARKETING_VERSION = 1.0;
				PRODUCT_BUNDLE_IDENTIFIER = me.mycompany.PetWatchUITests;
				PRODUCT_NAME = "$(TARGET_NAME)";
				SWIFT_EMIT_LOC_STRINGS = NO;
				SWIFT_VERSION = 5.0;
				TARGETED_DEVICE_FAMILY = "1,2";
				TEST_TARGET_NAME = PetWatch;
			};
			name = Debug;
		};
		84CE6C9D2B8BDC5300673CE0 /* Release */ = {
			isa = XCBuildConfiguration;
			buildSettings = {
				ALWAYS_EMBED_SWIFT_STANDARD_LIBRARIES = YES;
				CODE_SIGN_STYLE = Automatic;
				CURRENT_PROJECT_VERSION = 1;
				DEVELOPMENT_TEAM = 2AAR9JFLKQ;
				GENERATE_INFOPLIST_FILE = YES;
				MARKETING_VERSION = 1.0;
				PRODUCT_BUNDLE_IDENTIFIER = me.mycompany.PetWatchUITests;
				PRODUCT_NAME = "$(TARGET_NAME)";
				SWIFT_EMIT_LOC_STRINGS = NO;
				SWIFT_VERSION = 5.0;
				TARGETED_DEVICE_FAMILY = "1,2";
				TEST_TARGET_NAME = PetWatch;
			};
			name = Release;
		};
/* End XCBuildConfiguration section */

/* Begin XCConfigurationList section */
		84CE6C6A2B8BDC5100673CE0 /* Build configuration list for PBXProject "PetWatch" */ = {
			isa = XCConfigurationList;
			buildConfigurations = (
				84CE6C932B8BDC5300673CE0 /* Debug */,
				84CE6C942B8BDC5300673CE0 /* Release */,
			);
			defaultConfigurationIsVisible = 0;
			defaultConfigurationName = Release;
		};
		84CE6C952B8BDC5300673CE0 /* Build configuration list for PBXNativeTarget "PetWatch" */ = {
			isa = XCConfigurationList;
			buildConfigurations = (
				84CE6C962B8BDC5300673CE0 /* Debug */,
				84CE6C972B8BDC5300673CE0 /* Release */,
			);
			defaultConfigurationIsVisible = 0;
			defaultConfigurationName = Release;
		};
		84CE6C982B8BDC5300673CE0 /* Build configuration list for PBXNativeTarget "PetWatchTests" */ = {
			isa = XCConfigurationList;
			buildConfigurations = (
				84CE6C992B8BDC5300673CE0 /* Debug */,
				84CE6C9A2B8BDC5300673CE0 /* Release */,
			);
			defaultConfigurationIsVisible = 0;
			defaultConfigurationName = Release;
		};
		84CE6C9B2B8BDC5300673CE0 /* Build configuration list for PBXNativeTarget "PetWatchUITests" */ = {
			isa = XCConfigurationList;
			buildConfigurations = (
				84CE6C9C2B8BDC5300673CE0 /* Debug */,
				84CE6C9D2B8BDC5300673CE0 /* Release */,
			);
			defaultConfigurationIsVisible = 0;
			defaultConfigurationName = Release;
		};
/* End XCConfigurationList section */
	};
	rootObject = 84CE6C672B8BDC5100673CE0 /* Project object */;
}
